{
  "originHash" : "84df9aa6ecd399d508c396fac25a34900ac329702697849f1f833cbdd041bee1",
  "pins" : [
    {
      "identity" : "factory",
      "kind" : "remoteSourceControl",
      "location" : "https://github.com/hmlongco/Factory.git",
      "state" : {
        "revision" : "d5ed8a16bc13fef498cd0b0c72e58a5a513e3f84",
        "version" : "2.5.1"
      }
    }
  ],
  "version" : 3
}
