// !$*UTF8*$!
{
	archiveVersion = 1;
	classes = {
	};
	objectVersion = 77;
	objects = {

/* Begin PBXBuildFile section */
		0F6B0F30AEB84B9ABCA69311 /* MenuBarPopoverView.swift in Sources */ = {isa = PBXBuildFile; fileRef = 7E825021E95F41AF8F1BBD9E /* MenuBarPopoverView.swift */; };
		460148701DEB4A2D8738B67A /* TimerButton.swift in Sources */ = {isa = PBXBuildFile; fileRef = 460148701DEB4A2D8738B67B /* TimerButton.swift */; };
		8275703ACFEE46D7A8345181 /* TabItem.swift in Sources */ = {isa = PBXBuildFile; fileRef = 8275703ACFEE46D7A8345182 /* TabItem.swift */; };
		A59232BD8E8140EABBDAA181 /* RunningTimerView.swift in Sources */ = {isa = PBXBuildFile; fileRef = 765E3C978C55465C998EC24F /* RunningTimerView.swift */; };
		BD0474A92DE98F3500960470 /* Sparkle in Frameworks */ = {isa = PBXBuildFile; productRef = BD0474A82DE98F3500960470 /* Sparkle */; };
		BD0474AB2DE98F7800960470 /* AppDelegate.swift in Sources */ = {isa = PBXBuildFile; fileRef = BD0474AA2DE98F7800960470 /* AppDelegate.swift */; };
		BD0474E62DEAB03900960470 /* ProfileView.swift in Sources */ = {isa = PBXBuildFile; fileRef = BD0474E52DEAB03900960470 /* ProfileView.swift */; };
		BD0474EA2DEB365700960470 /* Auth in Frameworks */ = {isa = PBXBuildFile; productRef = BD0474E92DEB365700960470 /* Auth */; };
		BD0474EC2DEB365700960470 /* Supabase in Frameworks */ = {isa = PBXBuildFile; productRef = BD0474EB2DEB365700960470 /* Supabase */; };
		BD0474EF2DEB4C5800960470 /* LoginView.swift in Sources */ = {isa = PBXBuildFile; fileRef = BD0474EE2DEB4C5800960470 /* LoginView.swift */; };
		BD0474F12DEB4CFA00960470 /* LoginViewModel.swift in Sources */ = {isa = PBXBuildFile; fileRef = BD0474F02DEB4CFA00960470 /* LoginViewModel.swift */; };
		BD0474F32DEB58CA00960470 /* UserNamePromptView.swift in Sources */ = {isa = PBXBuildFile; fileRef = BD0474F22DEB58CA00960470 /* UserNamePromptView.swift */; };
		BD1B6FB32DDED98D00E481E2 /* RootView.swift in Sources */ = {isa = PBXBuildFile; fileRef = BD1B6FB22DDED98D00E481E2 /* RootView.swift */; };
		BD1B6FB92DDF09DB00E481E2 /* DailyWorkTimeStore.swift in Sources */ = {isa = PBXBuildFile; fileRef = BD1B6FB82DDF09DB00E481E2 /* DailyWorkTimeStore.swift */; };
		BD1B70092DE57F7000E481E2 /* APIEndpoint.swift in Sources */ = {isa = PBXBuildFile; fileRef = BD1B70082DE57F7000E481E2 /* APIEndpoint.swift */; };
		BD1B700C2DE5830B00E481E2 /* AppConfig.swift in Sources */ = {isa = PBXBuildFile; fileRef = BD1B700B2DE5830B00E481E2 /* AppConfig.swift */; };
		BD4D143C2DF2C81200533171 /* StatisticView.swift in Sources */ = {isa = PBXBuildFile; fileRef = BD4D143B2DF2C81200533171 /* StatisticView.swift */; };
		BD56F7C82DF7FCFB00475A27 /* UserNamePromptViewModel.swift in Sources */ = {isa = PBXBuildFile; fileRef = BD56F7C72DF7FCFB00475A27 /* UserNamePromptViewModel.swift */; };
		BD9893722DD9C47A00F40A9B /* Assets.xcassets in Resources */ = {isa = PBXBuildFile; fileRef = BD98936D2DD9C47A00F40A9B /* Assets.xcassets */; };
		BD9893732DD9C47A00F40A9B /* ContentView.swift in Sources */ = {isa = PBXBuildFile; fileRef = BD98936E2DD9C47A00F40A9B /* ContentView.swift */; };
		BD9893742DD9C47A00F40A9B /* PawcusApp.swift in Sources */ = {isa = PBXBuildFile; fileRef = BD9893702DD9C47A00F40A9B /* PawcusApp.swift */; };
		BD9893912DD9DC0200F40A9B /* DependencyInjection.swift in Sources */ = {isa = PBXBuildFile; fileRef = BD9893902DD9DC0200F40A9B /* DependencyInjection.swift */; };
		BD9893A52DD9DD2400F40A9B /* LeaderBoardView.swift in Sources */ = {isa = PBXBuildFile; fileRef = BD9893A42DD9DD2400F40A9B /* LeaderBoardView.swift */; };
		BD9893A72DD9DD2D00F40A9B /* LeaderBoardViewModel.swift in Sources */ = {isa = PBXBuildFile; fileRef = BD9893A62DD9DD2D00F40A9B /* LeaderBoardViewModel.swift */; };
		BD9893A92DD9DD3500F40A9B /* AnalysisView.swift in Sources */ = {isa = PBXBuildFile; fileRef = BD9893A82DD9DD3500F40A9B /* AnalysisView.swift */; };
		BD9893AB2DD9DD4200F40A9B /* AnalysisViewModel.swift in Sources */ = {isa = PBXBuildFile; fileRef = BD9893AA2DD9DD4200F40A9B /* AnalysisViewModel.swift */; };
		BD9893AE2DD9DD6100F40A9B /* AppLogLocalDataSource.swift in Sources */ = {isa = PBXBuildFile; fileRef = BD9893AD2DD9DD6100F40A9B /* AppLogLocalDataSource.swift */; };
		BD9893BA2DDC503000F40A9B /* Factory in Frameworks */ = {isa = PBXBuildFile; productRef = BD9893B92DDC503000F40A9B /* Factory */; };
		FBD5CCC8C3B4449EAD68AB13 /* SidebarView.swift in Sources */ = {isa = PBXBuildFile; fileRef = FBD5CCC8C3B4449EAD68AB14 /* SidebarView.swift */; };
/* End PBXBuildFile section */

/* Begin PBXContainerItemProxy section */
		BD9893512DD9C46A00F40A9B /* PBXContainerItemProxy */ = {
			isa = PBXContainerItemProxy;
			containerPortal = BD9893372DD9C46800F40A9B /* Project object */;
			proxyType = 1;
			remoteGlobalIDString = BD98933E2DD9C46800F40A9B;
			remoteInfo = MVP_MacOS;
		};
		BD98935B2DD9C46A00F40A9B /* PBXContainerItemProxy */ = {
			isa = PBXContainerItemProxy;
			containerPortal = BD9893372DD9C46800F40A9B /* Project object */;
			proxyType = 1;
			remoteGlobalIDString = BD98933E2DD9C46800F40A9B;
			remoteInfo = MVP_MacOS;
		};
/* End PBXContainerItemProxy section */

/* Begin PBXFileReference section */
		460148701DEB4A2D8738B67B /* TimerButton.swift */ = {isa = PBXFileReference; lastKnownFileType = sourcecode.swift; path = TimerButton.swift; sourceTree = "<group>"; };
		765E3C978C55465C998EC24F /* RunningTimerView.swift */ = {isa = PBXFileReference; lastKnownFileType = sourcecode.swift; path = RunningTimerView.swift; sourceTree = "<group>"; };
		7E825021E95F41AF8F1BBD9E /* MenuBarPopoverView.swift */ = {isa = PBXFileReference; lastKnownFileType = sourcecode.swift; path = MenuBarPopoverView.swift; sourceTree = "<group>"; };
		8275703ACFEE46D7A8345182 /* TabItem.swift */ = {isa = PBXFileReference; lastKnownFileType = sourcecode.swift; path = TabItem.swift; sourceTree = "<group>"; };
		BD0473F92DE835C400960470 /* Config.xcconfig */ = {isa = PBXFileReference; lastKnownFileType = text.xcconfig; path = Config.xcconfig; sourceTree = "<group>"; };
		BD0474AA2DE98F7800960470 /* AppDelegate.swift */ = {isa = PBXFileReference; lastKnownFileType = sourcecode.swift; path = AppDelegate.swift; sourceTree = "<group>"; };
		BD0474E52DEAB03900960470 /* ProfileView.swift */ = {isa = PBXFileReference; lastKnownFileType = sourcecode.swift; path = ProfileView.swift; sourceTree = "<group>"; };
		BD0474EE2DEB4C5800960470 /* LoginView.swift */ = {isa = PBXFileReference; lastKnownFileType = sourcecode.swift; path = LoginView.swift; sourceTree = "<group>"; };
		BD0474F02DEB4CFA00960470 /* LoginViewModel.swift */ = {isa = PBXFileReference; lastKnownFileType = sourcecode.swift; path = LoginViewModel.swift; sourceTree = "<group>"; };
		BD0474F22DEB58CA00960470 /* UserNamePromptView.swift */ = {isa = PBXFileReference; lastKnownFileType = sourcecode.swift; path = UserNamePromptView.swift; sourceTree = "<group>"; };
		BD1B6FB22DDED98D00E481E2 /* RootView.swift */ = {isa = PBXFileReference; lastKnownFileType = sourcecode.swift; path = RootView.swift; sourceTree = "<group>"; };
		BD1B6FB82DDF09DB00E481E2 /* DailyWorkTimeStore.swift */ = {isa = PBXFileReference; lastKnownFileType = sourcecode.swift; path = DailyWorkTimeStore.swift; sourceTree = "<group>"; };
		BD1B70082DE57F7000E481E2 /* APIEndpoint.swift */ = {isa = PBXFileReference; lastKnownFileType = sourcecode.swift; path = APIEndpoint.swift; sourceTree = "<group>"; };
		BD1B700B2DE5830B00E481E2 /* AppConfig.swift */ = {isa = PBXFileReference; lastKnownFileType = sourcecode.swift; path = AppConfig.swift; sourceTree = "<group>"; };
		BD4D143B2DF2C81200533171 /* StatisticView.swift */ = {isa = PBXFileReference; lastKnownFileType = sourcecode.swift; path = StatisticView.swift; sourceTree = "<group>"; };
		BD56F7C72DF7FCFB00475A27 /* UserNamePromptViewModel.swift */ = {isa = PBXFileReference; lastKnownFileType = sourcecode.swift; path = UserNamePromptViewModel.swift; sourceTree = "<group>"; };
		BD98933F2DD9C46800F40A9B /* Pawcus.app */ = {isa = PBXFileReference; explicitFileType = wrapper.application; includeInIndex = 0; path = Pawcus.app; sourceTree = BUILT_PRODUCTS_DIR; };
		BD9893502DD9C46A00F40A9B /* PawcusTests.xctest */ = {isa = PBXFileReference; explicitFileType = wrapper.cfbundle; includeInIndex = 0; path = PawcusTests.xctest; sourceTree = BUILT_PRODUCTS_DIR; };
		BD98935A2DD9C46A00F40A9B /* PawcusUITests.xctest */ = {isa = PBXFileReference; explicitFileType = wrapper.cfbundle; includeInIndex = 0; path = PawcusUITests.xctest; sourceTree = BUILT_PRODUCTS_DIR; };
		BD98936D2DD9C47A00F40A9B /* Assets.xcassets */ = {isa = PBXFileReference; lastKnownFileType = folder.assetcatalog; path = Assets.xcassets; sourceTree = "<group>"; };
		BD98936E2DD9C47A00F40A9B /* ContentView.swift */ = {isa = PBXFileReference; lastKnownFileType = sourcecode.swift; path = ContentView.swift; sourceTree = "<group>"; };
		BD98936F2DD9C47A00F40A9B /* Pawcus.entitlements */ = {isa = PBXFileReference; lastKnownFileType = text.plist.entitlements; path = Pawcus.entitlements; sourceTree = "<group>"; };
		BD9893702DD9C47A00F40A9B /* PawcusApp.swift */ = {isa = PBXFileReference; lastKnownFileType = sourcecode.swift; path = PawcusApp.swift; sourceTree = "<group>"; };
		BD9893902DD9DC0200F40A9B /* DependencyInjection.swift */ = {isa = PBXFileReference; lastKnownFileType = sourcecode.swift; path = DependencyInjection.swift; sourceTree = "<group>"; };
		BD9893A42DD9DD2400F40A9B /* LeaderBoardView.swift */ = {isa = PBXFileReference; lastKnownFileType = sourcecode.swift; path = LeaderBoardView.swift; sourceTree = "<group>"; };
		BD9893A62DD9DD2D00F40A9B /* LeaderBoardViewModel.swift */ = {isa = PBXFileReference; lastKnownFileType = sourcecode.swift; path = LeaderBoardViewModel.swift; sourceTree = "<group>"; };
		BD9893A82DD9DD3500F40A9B /* AnalysisView.swift */ = {isa = PBXFileReference; lastKnownFileType = sourcecode.swift; path = AnalysisView.swift; sourceTree = "<group>"; };
		BD9893AA2DD9DD4200F40A9B /* AnalysisViewModel.swift */ = {isa = PBXFileReference; lastKnownFileType = sourcecode.swift; path = AnalysisViewModel.swift; sourceTree = "<group>"; };
		BD9893AD2DD9DD6100F40A9B /* AppLogLocalDataSource.swift */ = {isa = PBXFileReference; lastKnownFileType = sourcecode.swift; path = AppLogLocalDataSource.swift; sourceTree = "<group>"; };
		BD9893C32DDDB7B600F40A9B /* Pawcus-Info.plist */ = {isa = PBXFileReference; lastKnownFileType = text.plist.xml; path = "Pawcus-Info.plist"; sourceTree = SOURCE_ROOT; };
		FBD5CCC8C3B4449EAD68AB14 /* SidebarView.swift */ = {isa = PBXFileReference; lastKnownFileType = sourcecode.swift; path = SidebarView.swift; sourceTree = "<group>"; };
/* End PBXFileReference section */

/* Begin PBXFileSystemSynchronizedRootGroup section */
		BD0472732DE7517300960470 /* Entities */ = {
			isa = PBXFileSystemSynchronizedRootGroup;
			path = Entities;
			sourceTree = "<group>";
		};
		BD04727C2DE7518400960470 /* UseCases */ = {
			isa = PBXFileSystemSynchronizedRootGroup;
			path = UseCases;
			sourceTree = "<group>";
		};
		BD0472822DE7519D00960470 /* Repositories */ = {
			isa = PBXFileSystemSynchronizedRootGroup;
			path = Repositories;
			sourceTree = "<group>";
		};
		BD0472872DE7522500960470 /* RepositoriesImpl */ = {
			isa = PBXFileSystemSynchronizedRootGroup;
			path = RepositoriesImpl;
			sourceTree = "<group>";
		};
		BD0472912DE7523000960470 /* Services */ = {
			isa = PBXFileSystemSynchronizedRootGroup;
			path = Services;
			sourceTree = "<group>";
		};
		BD0472992DE7524300960470 /* Models */ = {
			isa = PBXFileSystemSynchronizedRootGroup;
			path = Models;
			sourceTree = "<group>";
		};
		BD0472A12DE7527100960470 /* Utilities */ = {
			isa = PBXFileSystemSynchronizedRootGroup;
			path = Utilities;
			sourceTree = "<group>";
		};
		BD0472A72DE7527400960470 /* Services */ = {
			isa = PBXFileSystemSynchronizedRootGroup;
			path = Services;
			sourceTree = "<group>";
		};
/* End PBXFileSystemSynchronizedRootGroup section */

/* Begin PBXFrameworksBuildPhase section */
		BD98933C2DD9C46800F40A9B /* Frameworks */ = {
			isa = PBXFrameworksBuildPhase;
			buildActionMask = 2147483647;
			files = (
				BD0474EC2DEB365700960470 /* Supabase in Frameworks */,
				BD9893BA2DDC503000F40A9B /* Factory in Frameworks */,
				BD0474A92DE98F3500960470 /* Sparkle in Frameworks */,
				BD0474EA2DEB365700960470 /* Auth in Frameworks */,
			);
			runOnlyForDeploymentPostprocessing = 0;
		};
		BD98934D2DD9C46A00F40A9B /* Frameworks */ = {
			isa = PBXFrameworksBuildPhase;
			buildActionMask = 2147483647;
			files = (
			);
			runOnlyForDeploymentPostprocessing = 0;
		};
		BD9893572DD9C46A00F40A9B /* Frameworks */ = {
			isa = PBXFrameworksBuildPhase;
			buildActionMask = 2147483647;
			files = (
			);
			runOnlyForDeploymentPostprocessing = 0;
		};
/* End PBXFrameworksBuildPhase section */

/* Begin PBXGroup section */
		BD0474E42DEAB02C00960470 /* Profile */ = {
			isa = PBXGroup;
			children = (
				BD0474E52DEAB03900960470 /* ProfileView.swift */,
				BD4D143B2DF2C81200533171 /* StatisticView.swift */,
			);
			path = Profile;
			sourceTree = "<group>";
		};
		BD0474E72DEB02E800960470 /* Frameworks */ = {
			isa = PBXGroup;
			children = (
			);
			name = Frameworks;
			sourceTree = "<group>";
		};
		BD0474ED2DEB4C4800960470 /* Login */ = {
			isa = PBXGroup;
			children = (
				BD0474EE2DEB4C5800960470 /* LoginView.swift */,
				BD0474F02DEB4CFA00960470 /* LoginViewModel.swift */,
				BD0474F22DEB58CA00960470 /* UserNamePromptView.swift */,
				BD56F7C72DF7FCFB00475A27 /* UserNamePromptViewModel.swift */,
			);
			path = Login;
			sourceTree = "<group>";
		};
		BD1B6FB12DDED94800E481E2 /* Root */ = {
			isa = PBXGroup;
			children = (
				BD1B6FB22DDED98D00E481E2 /* RootView.swift */,
				BD98936E2DD9C47A00F40A9B /* ContentView.swift */,
				8275703ACFEE46D7A8345182 /* TabItem.swift */,
				FBD5CCC8C3B4449EAD68AB14 /* SidebarView.swift */,
				460148701DEB4A2D8738B67B /* TimerButton.swift */,
			);
			path = Root;
			sourceTree = "<group>";
		};
		BD1B70072DE57F6400E481E2 /* Network */ = {
			isa = PBXGroup;
			children = (
				BD1B70082DE57F7000E481E2 /* APIEndpoint.swift */,
			);
			path = Network;
			sourceTree = "<group>";
		};
		BD1B700D2DE5869800E481E2 /* Config */ = {
			isa = PBXGroup;
			children = (
				BD0473F92DE835C400960470 /* Config.xcconfig */,
				BD1B700B2DE5830B00E481E2 /* AppConfig.swift */,
			);
			path = Config;
			sourceTree = "<group>";
		};
		BD9893362DD9C46800F40A9B = {
			isa = PBXGroup;
			children = (
				BD9893712DD9C47A00F40A9B /* Pawcus */,
				BD0474E72DEB02E800960470 /* Frameworks */,
				BD9893402DD9C46800F40A9B /* Products */,
			);
			sourceTree = "<group>";
		};
		BD9893402DD9C46800F40A9B /* Products */ = {
			isa = PBXGroup;
			children = (
				BD98933F2DD9C46800F40A9B /* Pawcus.app */,
				BD9893502DD9C46A00F40A9B /* PawcusTests.xctest */,
				BD98935A2DD9C46A00F40A9B /* PawcusUITests.xctest */,
			);
			name = Products;
			sourceTree = "<group>";
		};
		BD9893712DD9C47A00F40A9B /* Pawcus */ = {
			isa = PBXGroup;
			children = (
				BD9893C32DDDB7B600F40A9B /* Pawcus-Info.plist */,
				BD98936F2DD9C47A00F40A9B /* Pawcus.entitlements */,
				BD98938F2DD9DBE000F40A9B /* App */,
				BD9893922DD9DC1000F40A9B /* Domain */,
				BD9893962DD9DC5800F40A9B /* Data */,
				BD9893972DD9DC5C00F40A9B /* Infrastructure */,
				BD9893982DD9DC6A00F40A9B /* Presentation */,
				BD9893992DD9DC7600F40A9B /* Resource */,
			);
			path = Pawcus;
			sourceTree = "<group>";
		};
		BD98938F2DD9DBE000F40A9B /* App */ = {
			isa = PBXGroup;
			children = (
				BD9893702DD9C47A00F40A9B /* PawcusApp.swift */,
				BD0474AA2DE98F7800960470 /* AppDelegate.swift */,
			);
			path = App;
			sourceTree = "<group>";
		};
		BD9893922DD9DC1000F40A9B /* Domain */ = {
			isa = PBXGroup;
			children = (
				BD0472732DE7517300960470 /* Entities */,
				BD0472822DE7519D00960470 /* Repositories */,
				BD04727C2DE7518400960470 /* UseCases */,
			);
			path = Domain;
			sourceTree = "<group>";
		};
		BD9893962DD9DC5800F40A9B /* Data */ = {
			isa = PBXGroup;
			children = (
				BD1B700D2DE5869800E481E2 /* Config */,
				BD1B70072DE57F6400E481E2 /* Network */,
				BD0472872DE7522500960470 /* RepositoriesImpl */,
				BD0472912DE7523000960470 /* Services */,
				BD0472992DE7524300960470 /* Models */,
				BD9893AC2DD9DD4B00F40A9B /* Local */,
			);
			path = Data;
			sourceTree = "<group>";
		};
		BD9893972DD9DC5C00F40A9B /* Infrastructure */ = {
			isa = PBXGroup;
			children = (
				BD9893902DD9DC0200F40A9B /* DependencyInjection.swift */,
				BD0472A72DE7527400960470 /* Services */,
				BD0472A12DE7527100960470 /* Utilities */,
			);
			path = Infrastructure;
			sourceTree = "<group>";
		};
		BD9893982DD9DC6A00F40A9B /* Presentation */ = {
			isa = PBXGroup;
			children = (
				BD1B6FB82DDF09DB00E481E2 /* DailyWorkTimeStore.swift */,
				BD0474ED2DEB4C4800960470 /* Login */,
				BD1B6FB12DDED94800E481E2 /* Root */,
				BD98939F2DD9DCF000F40A9B /* LeaderBoard */,
				BD98939E2DD9DCEF00F40A9B /* Analysis */,
				BD0474E42DEAB02C00960470 /* Profile */,
				D72C106E1B824072B82D50B8 /* Timer */,
			);
			path = Presentation;
			sourceTree = "<group>";
		};
		BD9893992DD9DC7600F40A9B /* Resource */ = {
			isa = PBXGroup;
			children = (
				BD98936D2DD9C47A00F40A9B /* Assets.xcassets */,
			);
			path = Resource;
			sourceTree = "<group>";
		};
		BD98939E2DD9DCEF00F40A9B /* Analysis */ = {
			isa = PBXGroup;
			children = (
				BD9893A82DD9DD3500F40A9B /* AnalysisView.swift */,
				BD9893AA2DD9DD4200F40A9B /* AnalysisViewModel.swift */,
			);
			path = Analysis;
			sourceTree = "<group>";
		};
		BD98939F2DD9DCF000F40A9B /* LeaderBoard */ = {
			isa = PBXGroup;
			children = (
				BD9893A42DD9DD2400F40A9B /* LeaderBoardView.swift */,
				BD9893A62DD9DD2D00F40A9B /* LeaderBoardViewModel.swift */,
			);
			path = LeaderBoard;
			sourceTree = "<group>";
		};
		BD9893AC2DD9DD4B00F40A9B /* Local */ = {
			isa = PBXGroup;
			children = (
				BD9893AD2DD9DD6100F40A9B /* AppLogLocalDataSource.swift */,
			);
			path = Local;
			sourceTree = "<group>";
		};
		D72C106E1B824072B82D50B8 /* Timer */ = {
			isa = PBXGroup;
			children = (
				7E825021E95F41AF8F1BBD9E /* MenuBarPopoverView.swift */,
				765E3C978C55465C998EC24F /* RunningTimerView.swift */,
			);
			path = Timer;
			sourceTree = "<group>";
		};
/* End PBXGroup section */

/* Begin PBXNativeTarget section */
		BD98933E2DD9C46800F40A9B /* Pawcus */ = {
			isa = PBXNativeTarget;
			buildConfigurationList = BD9893642DD9C46A00F40A9B /* Build configuration list for PBXNativeTarget "Pawcus" */;
			buildPhases = (
				BD98933B2DD9C46800F40A9B /* Sources */,
				BD98933C2DD9C46800F40A9B /* Frameworks */,
				BD98933D2DD9C46800F40A9B /* Resources */,
			);
			buildRules = (
			);
			dependencies = (
			);
			fileSystemSynchronizedGroups = (
				BD0472732DE7517300960470 /* Entities */,
				BD04727C2DE7518400960470 /* UseCases */,
				BD0472822DE7519D00960470 /* Repositories */,
				BD0472872DE7522500960470 /* RepositoriesImpl */,
				BD0472912DE7523000960470 /* Services */,
				BD0472992DE7524300960470 /* Models */,
				BD0472A12DE7527100960470 /* Utilities */,
				BD0472A72DE7527400960470 /* Services */,
			);
			name = Pawcus;
			packageProductDependencies = (
				BD9893B92DDC503000F40A9B /* Factory */,
				BD0474A82DE98F3500960470 /* Sparkle */,
				BD0474E92DEB365700960470 /* Auth */,
				BD0474EB2DEB365700960470 /* Supabase */,
			);
			productName = MVP_MacOS;
			productReference = BD98933F2DD9C46800F40A9B /* Pawcus.app */;
			productType = "com.apple.product-type.application";
		};
		BD98934F2DD9C46A00F40A9B /* PawcusTests */ = {
			isa = PBXNativeTarget;
			buildConfigurationList = BD9893672DD9C46A00F40A9B /* Build configuration list for PBXNativeTarget "PawcusTests" */;
			buildPhases = (
				BD98934C2DD9C46A00F40A9B /* Sources */,
				BD98934D2DD9C46A00F40A9B /* Frameworks */,
				BD98934E2DD9C46A00F40A9B /* Resources */,
			);
			buildRules = (
			);
			dependencies = (
				BD9893522DD9C46A00F40A9B /* PBXTargetDependency */,
			);
			name = PawcusTests;
			packageProductDependencies = (
			);
			productName = MVP_MacOSTests;
			productReference = BD9893502DD9C46A00F40A9B /* PawcusTests.xctest */;
			productType = "com.apple.product-type.bundle.unit-test";
		};
		BD9893592DD9C46A00F40A9B /* PawcusUITests */ = {
			isa = PBXNativeTarget;
			buildConfigurationList = BD98936A2DD9C46A00F40A9B /* Build configuration list for PBXNativeTarget "PawcusUITests" */;
			buildPhases = (
				BD9893562DD9C46A00F40A9B /* Sources */,
				BD9893572DD9C46A00F40A9B /* Frameworks */,
				BD9893582DD9C46A00F40A9B /* Resources */,
			);
			buildRules = (
			);
			dependencies = (
				BD98935C2DD9C46A00F40A9B /* PBXTargetDependency */,
			);
			name = PawcusUITests;
			packageProductDependencies = (
			);
			productName = MVP_MacOSUITests;
			productReference = BD98935A2DD9C46A00F40A9B /* PawcusUITests.xctest */;
			productType = "com.apple.product-type.bundle.ui-testing";
		};
/* End PBXNativeTarget section */

/* Begin PBXProject section */
		BD9893372DD9C46800F40A9B /* Project object */ = {
			isa = PBXProject;
			attributes = {
				BuildIndependentTargetsInParallel = 1;
				LastSwiftUpdateCheck = 1620;
				LastUpgradeCheck = 1630;
				TargetAttributes = {
					BD98933E2DD9C46800F40A9B = {
						CreatedOnToolsVersion = 16.2;
					};
					BD98934F2DD9C46A00F40A9B = {
						CreatedOnToolsVersion = 16.2;
						TestTargetID = BD98933E2DD9C46800F40A9B;
					};
					BD9893592DD9C46A00F40A9B = {
						CreatedOnToolsVersion = 16.2;
						TestTargetID = BD98933E2DD9C46800F40A9B;
					};
				};
			};
			buildConfigurationList = BD98933A2DD9C46800F40A9B /* Build configuration list for PBXProject "Pawcus" */;
			developmentRegion = en;
			hasScannedForEncodings = 0;
			knownRegions = (
				en,
				Base,
			);
			mainGroup = BD9893362DD9C46800F40A9B;
			minimizedProjectReferenceProxies = 1;
			packageReferences = (
				BD9893B82DDC503000F40A9B /* XCRemoteSwiftPackageReference "Factory" */,
				BD0474A72DE98F3500960470 /* XCRemoteSwiftPackageReference "Sparkle" */,
				BD0474E82DEB365700960470 /* XCRemoteSwiftPackageReference "supabase-swift" */,
			);
			preferredProjectObjectVersion = 77;
			productRefGroup = BD9893402DD9C46800F40A9B /* Products */;
			projectDirPath = "";
			projectRoot = "";
			targets = (
				BD98933E2DD9C46800F40A9B /* Pawcus */,
				BD98934F2DD9C46A00F40A9B /* PawcusTests */,
				BD9893592DD9C46A00F40A9B /* PawcusUITests */,
			);
		};
/* End PBXProject section */

/* Begin PBXResourcesBuildPhase section */
		BD98933D2DD9C46800F40A9B /* Resources */ = {
			isa = PBXResourcesBuildPhase;
			buildActionMask = 2147483647;
			files = (
				BD9893722DD9C47A00F40A9B /* Assets.xcassets in Resources */,
			);
			runOnlyForDeploymentPostprocessing = 0;
		};
		BD98934E2DD9C46A00F40A9B /* Resources */ = {
			isa = PBXResourcesBuildPhase;
			buildActionMask = 2147483647;
			files = (
			);
			runOnlyForDeploymentPostprocessing = 0;
		};
		BD9893582DD9C46A00F40A9B /* Resources */ = {
			isa = PBXResourcesBuildPhase;
			buildActionMask = 2147483647;
			files = (
			);
			runOnlyForDeploymentPostprocessing = 0;
		};
/* End PBXResourcesBuildPhase section */

/* Begin PBXSourcesBuildPhase section */
		BD98933B2DD9C46800F40A9B /* Sources */ = {
			isa = PBXSourcesBuildPhase;
			buildActionMask = 2147483647;
			files = (
				BD0474F12DEB4CFA00960470 /* LoginViewModel.swift in Sources */,
				BD9893AE2DD9DD6100F40A9B /* AppLogLocalDataSource.swift in Sources */,
				BD0474EF2DEB4C5800960470 /* LoginView.swift in Sources */,
				BD0474F32DEB58CA00960470 /* UserNamePromptView.swift in Sources */,
				BD9893732DD9C47A00F40A9B /* ContentView.swift in Sources */,
				BD1B6FB92DDF09DB00E481E2 /* DailyWorkTimeStore.swift in Sources */,
				BD1B700C2DE5830B00E481E2 /* AppConfig.swift in Sources */,
				BD1B70092DE57F7000E481E2 /* APIEndpoint.swift in Sources */,
				BD1B6FB32DDED98D00E481E2 /* RootView.swift in Sources */,
				BD56F7C82DF7FCFB00475A27 /* UserNamePromptViewModel.swift in Sources */,
				BD0474E62DEAB03900960470 /* ProfileView.swift in Sources */,
				BD9893A52DD9DD2400F40A9B /* LeaderBoardView.swift in Sources */,
				BD9893742DD9C47A00F40A9B /* PawcusApp.swift in Sources */,
				BD0474AB2DE98F7800960470 /* AppDelegate.swift in Sources */,
				BD9893912DD9DC0200F40A9B /* DependencyInjection.swift in Sources */,
				BD4D143C2DF2C81200533171 /* StatisticView.swift in Sources */,
				BD9893A92DD9DD3500F40A9B /* AnalysisView.swift in Sources */,
				BD9893AB2DD9DD4200F40A9B /* AnalysisViewModel.swift in Sources */,
				BD9893A72DD9DD2D00F40A9B /* LeaderBoardViewModel.swift in Sources */,
				8275703ACFEE46D7A8345181 /* TabItem.swift in Sources */,
				FBD5CCC8C3B4449EAD68AB13 /* SidebarView.swift in Sources */,
				460148701DEB4A2D8738B67A /* TimerButton.swift in Sources */,
				0F6B0F30AEB84B9ABCA69311 /* MenuBarPopoverView.swift in Sources */,
				A59232BD8E8140EABBDAA181 /* RunningTimerView.swift in Sources */,
			);
			runOnlyForDeploymentPostprocessing = 0;
		};
		BD98934C2DD9C46A00F40A9B /* Sources */ = {
			isa = PBXSourcesBuildPhase;
			buildActionMask = 2147483647;
			files = (
			);
			runOnlyForDeploymentPostprocessing = 0;
		};
		BD9893562DD9C46A00F40A9B /* Sources */ = {
			isa = PBXSourcesBuildPhase;
			buildActionMask = 2147483647;
			files = (
			);
			runOnlyForDeploymentPostprocessing = 0;
		};
/* End PBXSourcesBuildPhase section */

/* Begin PBXTargetDependency section */
		BD9893522DD9C46A00F40A9B /* PBXTargetDependency */ = {
			isa = PBXTargetDependency;
			target = BD98933E2DD9C46800F40A9B /* Pawcus */;
			targetProxy = BD9893512DD9C46A00F40A9B /* PBXContainerItemProxy */;
		};
		BD98935C2DD9C46A00F40A9B /* PBXTargetDependency */ = {
			isa = PBXTargetDependency;
			target = BD98933E2DD9C46800F40A9B /* Pawcus */;
			targetProxy = BD98935B2DD9C46A00F40A9B /* PBXContainerItemProxy */;
		};
/* End PBXTargetDependency section */

/* Begin XCBuildConfiguration section */
		BD9893622DD9C46A00F40A9B /* Debug */ = {
			isa = XCBuildConfiguration;
			baseConfigurationReference = BD0473F92DE835C400960470 /* Config.xcconfig */;
			buildSettings = {
				ALWAYS_SEARCH_USER_PATHS = NO;
				ASSETCATALOG_COMPILER_GENERATE_SWIFT_ASSET_SYMBOL_EXTENSIONS = YES;
				CLANG_ANALYZER_NONNULL = YES;
				CLANG_ANALYZER_NUMBER_OBJECT_CONVERSION = YES_AGGRESSIVE;
				CLANG_CXX_LANGUAGE_STANDARD = "gnu++20";
				CLANG_ENABLE_MODULES = YES;
				CLANG_ENABLE_OBJC_ARC = YES;
				CLANG_ENABLE_OBJC_WEAK = YES;
				CLANG_WARN_BLOCK_CAPTURE_AUTORELEASING = YES;
				CLANG_WARN_BOOL_CONVERSION = YES;
				CLANG_WARN_COMMA = YES;
				CLANG_WARN_CONSTANT_CONVERSION = YES;
				CLANG_WARN_DEPRECATED_OBJC_IMPLEMENTATIONS = YES;
				CLANG_WARN_DIRECT_OBJC_ISA_USAGE = YES_ERROR;
				CLANG_WARN_DOCUMENTATION_COMMENTS = YES;
				CLANG_WARN_EMPTY_BODY = YES;
				CLANG_WARN_ENUM_CONVERSION = YES;
				CLANG_WARN_INFINITE_RECURSION = YES;
				CLANG_WARN_INT_CONVERSION = YES;
				CLANG_WARN_NON_LITERAL_NULL_CONVERSION = YES;
				CLANG_WARN_OBJC_IMPLICIT_RETAIN_SELF = YES;
				CLANG_WARN_OBJC_LITERAL_CONVERSION = YES;
				CLANG_WARN_OBJC_ROOT_CLASS = YES_ERROR;
				CLANG_WARN_QUOTED_INCLUDE_IN_FRAMEWORK_HEADER = YES;
				CLANG_WARN_RANGE_LOOP_ANALYSIS = YES;
				CLANG_WARN_STRICT_PROTOTYPES = YES;
				CLANG_WARN_SUSPICIOUS_MOVE = YES;
				CLANG_WARN_UNGUARDED_AVAILABILITY = YES_AGGRESSIVE;
				CLANG_WARN_UNREACHABLE_CODE = YES;
				CLANG_WARN__DUPLICATE_METHOD_MATCH = YES;
				COPY_PHASE_STRIP = NO;
				DEAD_CODE_STRIPPING = YES;
				DEBUG_INFORMATION_FORMAT = dwarf;
				DEVELOPMENT_TEAM = U6NUHA5DNR;
				ENABLE_STRICT_OBJC_MSGSEND = YES;
				ENABLE_TESTABILITY = YES;
				ENABLE_USER_SCRIPT_SANDBOXING = YES;
				GCC_C_LANGUAGE_STANDARD = gnu17;
				GCC_DYNAMIC_NO_PIC = NO;
				GCC_NO_COMMON_BLOCKS = YES;
				GCC_OPTIMIZATION_LEVEL = 0;
				GCC_PREPROCESSOR_DEFINITIONS = (
					"DEBUG=1",
					"$(inherited)",
				);
				GCC_WARN_64_TO_32_BIT_CONVERSION = YES;
				GCC_WARN_ABOUT_RETURN_TYPE = YES_ERROR;
				GCC_WARN_UNDECLARED_SELECTOR = YES;
				GCC_WARN_UNINITIALIZED_AUTOS = YES_AGGRESSIVE;
				GCC_WARN_UNUSED_FUNCTION = YES;
				GCC_WARN_UNUSED_VARIABLE = YES;
				LOCALIZATION_PREFERS_STRING_CATALOGS = YES;
				MACOSX_DEPLOYMENT_TARGET = 15.0;
				MTL_ENABLE_DEBUG_INFO = INCLUDE_SOURCE;
				MTL_FAST_MATH = YES;
				ONLY_ACTIVE_ARCH = YES;
				SDKROOT = macosx;
				SWIFT_ACTIVE_COMPILATION_CONDITIONS = "DEBUG $(inherited)";
				SWIFT_COMPILATION_MODE = singlefile;
				SWIFT_OPTIMIZATION_LEVEL = "-Onone";
			};
			name = Debug;
		};
		BD9893632DD9C46A00F40A9B /* Release */ = {
			isa = XCBuildConfiguration;
			baseConfigurationReference = BD0473F92DE835C400960470 /* Config.xcconfig */;
			buildSettings = {
				ALWAYS_SEARCH_USER_PATHS = NO;
				ASSETCATALOG_COMPILER_GENERATE_SWIFT_ASSET_SYMBOL_EXTENSIONS = YES;
				CLANG_ANALYZER_NONNULL = YES;
				CLANG_ANALYZER_NUMBER_OBJECT_CONVERSION = YES_AGGRESSIVE;
				CLANG_CXX_LANGUAGE_STANDARD = "gnu++20";
				CLANG_ENABLE_MODULES = YES;
				CLANG_ENABLE_OBJC_ARC = YES;
				CLANG_ENABLE_OBJC_WEAK = YES;
				CLANG_WARN_BLOCK_CAPTURE_AUTORELEASING = YES;
				CLANG_WARN_BOOL_CONVERSION = YES;
				CLANG_WARN_COMMA = YES;
				CLANG_WARN_CONSTANT_CONVERSION = YES;
				CLANG_WARN_DEPRECATED_OBJC_IMPLEMENTATIONS = YES;
				CLANG_WARN_DIRECT_OBJC_ISA_USAGE = YES_ERROR;
				CLANG_WARN_DOCUMENTATION_COMMENTS = YES;
				CLANG_WARN_EMPTY_BODY = YES;
				CLANG_WARN_ENUM_CONVERSION = YES;
				CLANG_WARN_INFINITE_RECURSION = YES;
				CLANG_WARN_INT_CONVERSION = YES;
				CLANG_WARN_NON_LITERAL_NULL_CONVERSION = YES;
				CLANG_WARN_OBJC_IMPLICIT_RETAIN_SELF = YES;
				CLANG_WARN_OBJC_LITERAL_CONVERSION = YES;
				CLANG_WARN_OBJC_ROOT_CLASS = YES_ERROR;
				CLANG_WARN_QUOTED_INCLUDE_IN_FRAMEWORK_HEADER = YES;
				CLANG_WARN_RANGE_LOOP_ANALYSIS = YES;
				CLANG_WARN_STRICT_PROTOTYPES = YES;
				CLANG_WARN_SUSPICIOUS_MOVE = YES;
				CLANG_WARN_UNGUARDED_AVAILABILITY = YES_AGGRESSIVE;
				CLANG_WARN_UNREACHABLE_CODE = YES;
				CLANG_WARN__DUPLICATE_METHOD_MATCH = YES;
				COPY_PHASE_STRIP = NO;
				DEAD_CODE_STRIPPING = YES;
				DEBUG_INFORMATION_FORMAT = "dwarf-with-dsym";
				DEVELOPMENT_TEAM = U6NUHA5DNR;
				ENABLE_NS_ASSERTIONS = NO;
				ENABLE_STRICT_OBJC_MSGSEND = YES;
				ENABLE_USER_SCRIPT_SANDBOXING = YES;
				GCC_C_LANGUAGE_STANDARD = gnu17;
				GCC_NO_COMMON_BLOCKS = YES;
				GCC_WARN_64_TO_32_BIT_CONVERSION = YES;
				GCC_WARN_ABOUT_RETURN_TYPE = YES_ERROR;
				GCC_WARN_UNDECLARED_SELECTOR = YES;
				GCC_WARN_UNINITIALIZED_AUTOS = YES_AGGRESSIVE;
				GCC_WARN_UNUSED_FUNCTION = YES;
				GCC_WARN_UNUSED_VARIABLE = YES;
				LOCALIZATION_PREFERS_STRING_CATALOGS = YES;
				MACOSX_DEPLOYMENT_TARGET = 15.0;
				MTL_ENABLE_DEBUG_INFO = NO;
				MTL_FAST_MATH = YES;
				SDKROOT = macosx;
				SWIFT_COMPILATION_MODE = singlefile;
				SWIFT_OPTIMIZATION_LEVEL = "-Onone";
			};
			name = Release;
		};
		BD9893652DD9C46A00F40A9B /* Debug */ = {
			isa = XCBuildConfiguration;
			buildSettings = {
				ARCHS = "$(ARCHS_STANDARD)";
				ASSETCATALOG_COMPILER_APPICON_NAME = AppIcon;
				ASSETCATALOG_COMPILER_GLOBAL_ACCENT_COLOR_NAME = AccentColor;
				ASSETCATALOG_COMPILER_INCLUDE_ALL_APPICON_ASSETS = NO;
				CODE_SIGN_ENTITLEMENTS = Pawcus/Pawcus.entitlements;
				"CODE_SIGN_IDENTITY[sdk=macosx*]" = "Apple Development";
				CODE_SIGN_STYLE = Automatic;
				COMBINE_HIDPI_IMAGES = YES;
				CURRENT_PROJECT_VERSION = 1;
				DEAD_CODE_STRIPPING = YES;
				DEVELOPMENT_TEAM = U6NUHA5DNR;
				ENABLE_HARDENED_RUNTIME = YES;
				ENABLE_PREVIEWS = YES;
				EXCLUDED_ARCHS = x86_64;
				GENERATE_INFOPLIST_FILE = YES;
				INFOPLIST_FILE = "Pawcus-Info.plist";
				INFOPLIST_KEY_NSAppleEventsUsageDescription = "Pawcus가 웹 브라우저(Safari, Chrome, Arc 등)에서 현재 보고 있는 URL을 추적하여 사용 통계를 제공하기 위해 Apple Events 권한이 필요합니다.";
				INFOPLIST_KEY_NSHumanReadableCopyright = "";
				LD_RUNPATH_SEARCH_PATHS = (
					"$(inherited)",
					"@executable_path/../Frameworks",
				);
				MACOSX_DEPLOYMENT_TARGET = 15.0;
				MARKETING_VERSION = 0.5.5;
				PRODUCT_BUNDLE_IDENTIFIER = pawcus.dev;
				PRODUCT_NAME = "$(TARGET_NAME)";
				SWIFT_EMIT_LOC_STRINGS = YES;
				SWIFT_VERSION = 5.0;
			};
			name = Debug;
		};
		BD9893662DD9C46A00F40A9B /* Release */ = {
			isa = XCBuildConfiguration;
			buildSettings = {
				ARCHS = "$(ARCHS_STANDARD)";
				ASSETCATALOG_COMPILER_APPICON_NAME = AppIcon;
				ASSETCATALOG_COMPILER_GLOBAL_ACCENT_COLOR_NAME = AccentColor;
				ASSETCATALOG_COMPILER_INCLUDE_ALL_APPICON_ASSETS = NO;
				CODE_SIGN_ENTITLEMENTS = Pawcus/Pawcus.entitlements;
				"CODE_SIGN_IDENTITY[sdk=macosx*]" = "Apple Development";
				CODE_SIGN_STYLE = Automatic;
				COMBINE_HIDPI_IMAGES = YES;
				CURRENT_PROJECT_VERSION = 1;
				DEAD_CODE_STRIPPING = YES;
				DEVELOPMENT_TEAM = U6NUHA5DNR;
				ENABLE_HARDENED_RUNTIME = YES;
				ENABLE_PREVIEWS = NO;
				EXCLUDED_ARCHS = x86_64;
				GENERATE_INFOPLIST_FILE = YES;
				INFOPLIST_FILE = "Pawcus-Info.plist";
				INFOPLIST_KEY_NSAppleEventsUsageDescription = "Pawcus가 웹 브라우저(Safari, Chrome, Arc 등)에서 현재 보고 있는 URL을 추적하여 사용 통계를 제공하기 위해 Apple Events 권한이 필요합니다.";
				INFOPLIST_KEY_NSHumanReadableCopyright = "";
				LD_RUNPATH_SEARCH_PATHS = (
					"$(inherited)",
					"@executable_path/../Frameworks",
				);
				MACOSX_DEPLOYMENT_TARGET = 15.0;
				MARKETING_VERSION = 0.5.5;
				PRODUCT_BUNDLE_IDENTIFIER = pawcus.dev;
				PRODUCT_NAME = "$(TARGET_NAME)";
				SWIFT_EMIT_LOC_STRINGS = YES;
				SWIFT_OPTIMIZATION_LEVEL = "-Onone";
				SWIFT_VERSION = 5.0;
			};
			name = Release;
		};
		BD9893682DD9C46A00F40A9B /* Debug */ = {
			isa = XCBuildConfiguration;
			buildSettings = {
				BUNDLE_LOADER = "$(TEST_HOST)";
				CODE_SIGN_STYLE = Automatic;
				CURRENT_PROJECT_VERSION = 1;
				DEAD_CODE_STRIPPING = YES;
				GENERATE_INFOPLIST_FILE = YES;
				MACOSX_DEPLOYMENT_TARGET = 15.0;
				MARKETING_VERSION = 1.0;
				PRODUCT_BUNDLE_IDENTIFIER = "swmaestrong.MVP-MacOSTests";
				PRODUCT_NAME = "$(TARGET_NAME)";
				SWIFT_EMIT_LOC_STRINGS = NO;
				SWIFT_VERSION = 5.0;
				TEST_HOST = "$(BUILT_PRODUCTS_DIR)/Pawcus.app/$(BUNDLE_EXECUTABLE_FOLDER_PATH)/Pawcus";
			};
			name = Debug;
		};
		BD9893692DD9C46A00F40A9B /* Release */ = {
			isa = XCBuildConfiguration;
			buildSettings = {
				BUNDLE_LOADER = "$(TEST_HOST)";
				CODE_SIGN_STYLE = Automatic;
				CURRENT_PROJECT_VERSION = 1;
				DEAD_CODE_STRIPPING = YES;
				GENERATE_INFOPLIST_FILE = YES;
				MACOSX_DEPLOYMENT_TARGET = 15.0;
				MARKETING_VERSION = 1.0;
				PRODUCT_BUNDLE_IDENTIFIER = "swmaestrong.MVP-MacOSTests";
				PRODUCT_NAME = "$(TARGET_NAME)";
				SWIFT_EMIT_LOC_STRINGS = NO;
				SWIFT_VERSION = 5.0;
				TEST_HOST = "$(BUILT_PRODUCTS_DIR)/Pawcus.app/$(BUNDLE_EXECUTABLE_FOLDER_PATH)/Pawcus";
			};
			name = Release;
		};
		BD98936B2DD9C46A00F40A9B /* Debug */ = {
			isa = XCBuildConfiguration;
			buildSettings = {
				CODE_SIGN_STYLE = Automatic;
				CURRENT_PROJECT_VERSION = 1;
				DEAD_CODE_STRIPPING = YES;
				GENERATE_INFOPLIST_FILE = YES;
				MARKETING_VERSION = 1.0;
				PRODUCT_BUNDLE_IDENTIFIER = "swmaestrong.MVP-MacOSUITests";
				PRODUCT_NAME = "$(TARGET_NAME)";
				SWIFT_EMIT_LOC_STRINGS = NO;
				SWIFT_VERSION = 5.0;
				TEST_TARGET_NAME = MVP_MacOS;
			};
			name = Debug;
		};
		BD98936C2DD9C46A00F40A9B /* Release */ = {
			isa = XCBuildConfiguration;
			buildSettings = {
				CODE_SIGN_STYLE = Automatic;
				CURRENT_PROJECT_VERSION = 1;
				DEAD_CODE_STRIPPING = YES;
				GENERATE_INFOPLIST_FILE = YES;
				MARKETING_VERSION = 1.0;
				PRODUCT_BUNDLE_IDENTIFIER = "swmaestrong.MVP-MacOSUITests";
				PRODUCT_NAME = "$(TARGET_NAME)";
				SWIFT_EMIT_LOC_STRINGS = NO;
				SWIFT_VERSION = 5.0;
				TEST_TARGET_NAME = MVP_MacOS;
			};
			name = Release;
		};
/* End XCBuildConfiguration section */

/* Begin XCConfigurationList section */
		BD98933A2DD9C46800F40A9B /* Build configuration list for PBXProject "Pawcus" */ = {
			isa = XCConfigurationList;
			buildConfigurations = (
				BD9893622DD9C46A00F40A9B /* Debug */,
				BD9893632DD9C46A00F40A9B /* Release */,
			);
			defaultConfigurationIsVisible = 0;
			defaultConfigurationName = Release;
		};
		BD9893642DD9C46A00F40A9B /* Build configuration list for PBXNativeTarget "Pawcus" */ = {
			isa = XCConfigurationList;
			buildConfigurations = (
				BD9893652DD9C46A00F40A9B /* Debug */,
				BD9893662DD9C46A00F40A9B /* Release */,
			);
			defaultConfigurationIsVisible = 0;
			defaultConfigurationName = Release;
		};
		BD9893672DD9C46A00F40A9B /* Build configuration list for PBXNativeTarget "PawcusTests" */ = {
			isa = XCConfigurationList;
			buildConfigurations = (
				BD9893682DD9C46A00F40A9B /* Debug */,
				BD9893692DD9C46A00F40A9B /* Release */,
			);
			defaultConfigurationIsVisible = 0;
			defaultConfigurationName = Release;
		};
		BD98936A2DD9C46A00F40A9B /* Build configuration list for PBXNativeTarget "PawcusUITests" */ = {
			isa = XCConfigurationList;
			buildConfigurations = (
				BD98936B2DD9C46A00F40A9B /* Debug */,
				BD98936C2DD9C46A00F40A9B /* Release */,
			);
			defaultConfigurationIsVisible = 0;
			defaultConfigurationName = Release;
		};
/* End XCConfigurationList section */

/* Begin XCRemoteSwiftPackageReference section */
		BD0474A72DE98F3500960470 /* XCRemoteSwiftPackageReference "Sparkle" */ = {
			isa = XCRemoteSwiftPackageReference;
			repositoryURL = "https://github.com/sparkle-project/Sparkle";
			requirement = {
				kind = upToNextMajorVersion;
				minimumVersion = 2.7.0;
			};
		};
		BD0474E82DEB365700960470 /* XCRemoteSwiftPackageReference "supabase-swift" */ = {
			isa = XCRemoteSwiftPackageReference;
			repositoryURL = "https://github.com/supabase/supabase-swift";
			requirement = {
				kind = upToNextMajorVersion;
				minimumVersion = 2.5.1;
			};
		};
		BD9893B82DDC503000F40A9B /* XCRemoteSwiftPackageReference "Factory" */ = {
			isa = XCRemoteSwiftPackageReference;
			repositoryURL = "https://github.com/hmlongco/Factory.git";
			requirement = {
				kind = upToNextMajorVersion;
				minimumVersion = 2.5.1;
			};
		};
/* End XCRemoteSwiftPackageReference section */

/* Begin XCSwiftPackageProductDependency section */
		BD0474A82DE98F3500960470 /* Sparkle */ = {
			isa = XCSwiftPackageProductDependency;
			package = BD0474A72DE98F3500960470 /* XCRemoteSwiftPackageReference "Sparkle" */;
			productName = Sparkle;
		};
		BD0474E92DEB365700960470 /* Auth */ = {
			isa = XCSwiftPackageProductDependency;
			package = BD0474E82DEB365700960470 /* XCRemoteSwiftPackageReference "supabase-swift" */;
			productName = Auth;
		};
		BD0474EB2DEB365700960470 /* Supabase */ = {
			isa = XCSwiftPackageProductDependency;
			package = BD0474E82DEB365700960470 /* XCRemoteSwiftPackageReference "supabase-swift" */;
			productName = Supabase;
		};
		BD9893B92DDC503000F40A9B /* Factory */ = {
			isa = XCSwiftPackageProductDependency;
			package = BD9893B82DDC503000F40A9B /* XCRemoteSwiftPackageReference "Factory" */;
			productName = Factory;
		};
/* End XCSwiftPackageProductDependency section */
	};
	rootObject = BD9893372DD9C46800F40A9B /* Project object */;
}
