// !$*UTF8*$!
{
	archiveVersion = 1;
	classes = {
	};
	objectVersion = 77;
	objects = {

/* Begin PBXBuildFile section */
		BD9893722DD9C47A00F40A9B /* Assets.xcassets in Resources */ = {isa = PBXBuildFile; fileRef = BD98936D2DD9C47A00F40A9B /* Assets.xcassets */; };
		BD9893732DD9C47A00F40A9B /* ContentView.swift in Sources */ = {isa = PBXBuildFile; fileRef = BD98936E2DD9C47A00F40A9B /* ContentView.swift */; };
		BD9893742DD9C47A00F40A9B /* MVP_MacOSApp.swift in Sources */ = {isa = PBXBuildFile; fileRef = BD9893702DD9C47A00F40A9B /* MVP_MacOSApp.swift */; };
		BD9893912DD9DC0200F40A9B /* DependencyInjection.swift in Sources */ = {isa = PBXBuildFile; fileRef = BD9893902DD9DC0200F40A9B /* DependencyInjection.swift */; };
		BD98939C2DD9DCD500F40A9B /* Data+Extension.swift in Sources */ = {isa = PBXBuildFile; fileRef = BD98939B2DD9DCD500F40A9B /* Data+Extension.swift */; };
		BD9893A12DD9DD1300F40A9B /* HomeView.swift in Sources */ = {isa = PBXBuildFile; fileRef = BD9893A02DD9DD1300F40A9B /* HomeView.swift */; };
		BD9893A32DD9DD1900F40A9B /* HomeViewModel.swift in Sources */ = {isa = PBXBuildFile; fileRef = BD9893A22DD9DD1900F40A9B /* HomeViewModel.swift */; };
		BD9893A52DD9DD2400F40A9B /* LeaderBoardView.swift in Sources */ = {isa = PBXBuildFile; fileRef = BD9893A42DD9DD2400F40A9B /* LeaderBoardView.swift */; };
		BD9893A72DD9DD2D00F40A9B /* LeaderBoardViewModel.swift in Sources */ = {isa = PBXBuildFile; fileRef = BD9893A62DD9DD2D00F40A9B /* LeaderBoardViewModel.swift */; };
		BD9893A92DD9DD3500F40A9B /* AnalysisView.swift in Sources */ = {isa = PBXBuildFile; fileRef = BD9893A82DD9DD3500F40A9B /* AnalysisView.swift */; };
		BD9893AB2DD9DD4200F40A9B /* AnalysisViewModel.swift in Sources */ = {isa = PBXBuildFile; fileRef = BD9893AA2DD9DD4200F40A9B /* AnalysisViewModel.swift */; };
		BD9893AE2DD9DD6100F40A9B /* SwiftDataManager.swift in Sources */ = {isa = PBXBuildFile; fileRef = BD9893AD2DD9DD6100F40A9B /* SwiftDataManager.swift */; };
		BD9893B12DDAF6C000F40A9B /* AppLog.swift in Sources */ = {isa = PBXBuildFile; fileRef = BD9893B02DDAF6C000F40A9B /* AppLog.swift */; };
		BD9893B32DDAF6CD00F40A9B /* AppLogRepository.swift in Sources */ = {isa = PBXBuildFile; fileRef = BD9893B22DDAF6CD00F40A9B /* AppLogRepository.swift */; };
		BD9893B52DDAF6E200F40A9B /* EnsureAccessibilityPermissionUseCase.swift in Sources */ = {isa = PBXBuildFile; fileRef = BD9893B42DDAF6E200F40A9B /* EnsureAccessibilityPermissionUseCase.swift */; };
		BD9893B72DDC3D8600F40A9B /* UserRank.swift in Sources */ = {isa = PBXBuildFile; fileRef = BD9893B62DDC3D8600F40A9B /* UserRank.swift */; };
		BD9893BA2DDC503000F40A9B /* Factory in Frameworks */ = {isa = PBXBuildFile; productRef = BD9893B92DDC503000F40A9B /* Factory */; };
		BD9893BD2DDC53A900F40A9B /* AppLogEntity.swift in Sources */ = {isa = PBXBuildFile; fileRef = BD9893BC2DDC53A900F40A9B /* AppLogEntity.swift */; };
/* End PBXBuildFile section */

/* Begin PBXContainerItemProxy section */
		BD9893512DD9C46A00F40A9B /* PBXContainerItemProxy */ = {
			isa = PBXContainerItemProxy;
			containerPortal = BD9893372DD9C46800F40A9B /* Project object */;
			proxyType = 1;
			remoteGlobalIDString = BD98933E2DD9C46800F40A9B;
			remoteInfo = MVP_MacOS;
		};
		BD98935B2DD9C46A00F40A9B /* PBXContainerItemProxy */ = {
			isa = PBXContainerItemProxy;
			containerPortal = BD9893372DD9C46800F40A9B /* Project object */;
			proxyType = 1;
			remoteGlobalIDString = BD98933E2DD9C46800F40A9B;
			remoteInfo = MVP_MacOS;
		};
/* End PBXContainerItemProxy section */

/* Begin PBXFileReference section */
		BD98933F2DD9C46800F40A9B /* MVP_MacOS.app */ = {isa = PBXFileReference; explicitFileType = wrapper.application; includeInIndex = 0; path = MVP_MacOS.app; sourceTree = BUILT_PRODUCTS_DIR; };
		BD9893502DD9C46A00F40A9B /* MVP_MacOSTests.xctest */ = {isa = PBXFileReference; explicitFileType = wrapper.cfbundle; includeInIndex = 0; path = MVP_MacOSTests.xctest; sourceTree = BUILT_PRODUCTS_DIR; };
		BD98935A2DD9C46A00F40A9B /* MVP_MacOSUITests.xctest */ = {isa = PBXFileReference; explicitFileType = wrapper.cfbundle; includeInIndex = 0; path = MVP_MacOSUITests.xctest; sourceTree = BUILT_PRODUCTS_DIR; };
		BD98936D2DD9C47A00F40A9B /* Assets.xcassets */ = {isa = PBXFileReference; lastKnownFileType = folder.assetcatalog; path = Assets.xcassets; sourceTree = "<group>"; };
		BD98936E2DD9C47A00F40A9B /* ContentView.swift */ = {isa = PBXFileReference; lastKnownFileType = sourcecode.swift; path = ContentView.swift; sourceTree = "<group>"; };
		BD98936F2DD9C47A00F40A9B /* MVP_MacOS.entitlements */ = {isa = PBXFileReference; lastKnownFileType = text.plist.entitlements; path = MVP_MacOS.entitlements; sourceTree = "<group>"; };
		BD9893702DD9C47A00F40A9B /* MVP_MacOSApp.swift */ = {isa = PBXFileReference; lastKnownFileType = sourcecode.swift; path = MVP_MacOSApp.swift; sourceTree = "<group>"; };
		BD9893902DD9DC0200F40A9B /* DependencyInjection.swift */ = {isa = PBXFileReference; lastKnownFileType = sourcecode.swift; path = DependencyInjection.swift; sourceTree = "<group>"; };
		BD98939B2DD9DCD500F40A9B /* Data+Extension.swift */ = {isa = PBXFileReference; lastKnownFileType = sourcecode.swift; path = "Data+Extension.swift"; sourceTree = "<group>"; };
		BD9893A02DD9DD1300F40A9B /* HomeView.swift */ = {isa = PBXFileReference; lastKnownFileType = sourcecode.swift; path = HomeView.swift; sourceTree = "<group>"; };
		BD9893A22DD9DD1900F40A9B /* HomeViewModel.swift */ = {isa = PBXFileReference; lastKnownFileType = sourcecode.swift; path = HomeViewModel.swift; sourceTree = "<group>"; };
		BD9893A42DD9DD2400F40A9B /* LeaderBoardView.swift */ = {isa = PBXFileReference; lastKnownFileType = sourcecode.swift; path = LeaderBoardView.swift; sourceTree = "<group>"; };
		BD9893A62DD9DD2D00F40A9B /* LeaderBoardViewModel.swift */ = {isa = PBXFileReference; lastKnownFileType = sourcecode.swift; path = LeaderBoardViewModel.swift; sourceTree = "<group>"; };
		BD9893A82DD9DD3500F40A9B /* AnalysisView.swift */ = {isa = PBXFileReference; lastKnownFileType = sourcecode.swift; path = AnalysisView.swift; sourceTree = "<group>"; };
		BD9893AA2DD9DD4200F40A9B /* AnalysisViewModel.swift */ = {isa = PBXFileReference; lastKnownFileType = sourcecode.swift; path = AnalysisViewModel.swift; sourceTree = "<group>"; };
		BD9893AD2DD9DD6100F40A9B /* SwiftDataManager.swift */ = {isa = PBXFileReference; lastKnownFileType = sourcecode.swift; path = SwiftDataManager.swift; sourceTree = "<group>"; };
		BD9893B02DDAF6C000F40A9B /* AppLog.swift */ = {isa = PBXFileReference; lastKnownFileType = sourcecode.swift; path = AppLog.swift; sourceTree = "<group>"; };
		BD9893B22DDAF6CD00F40A9B /* AppLogRepository.swift */ = {isa = PBXFileReference; lastKnownFileType = sourcecode.swift; path = AppLogRepository.swift; sourceTree = "<group>"; };
		BD9893B42DDAF6E200F40A9B /* EnsureAccessibilityPermissionUseCase.swift */ = {isa = PBXFileReference; lastKnownFileType = sourcecode.swift; path = EnsureAccessibilityPermissionUseCase.swift; sourceTree = "<group>"; };
		BD9893B62DDC3D8600F40A9B /* UserRank.swift */ = {isa = PBXFileReference; lastKnownFileType = sourcecode.swift; path = UserRank.swift; sourceTree = "<group>"; };
		BD9893BC2DDC53A900F40A9B /* AppLogEntity.swift */ = {isa = PBXFileReference; lastKnownFileType = sourcecode.swift; path = AppLogEntity.swift; sourceTree = "<group>"; };
/* End PBXFileReference section */

/* Begin PBXFrameworksBuildPhase section */
		BD98933C2DD9C46800F40A9B /* Frameworks */ = {
			isa = PBXFrameworksBuildPhase;
			buildActionMask = 2147483647;
			files = (
				BD9893BA2DDC503000F40A9B /* Factory in Frameworks */,
			);
			runOnlyForDeploymentPostprocessing = 0;
		};
		BD98934D2DD9C46A00F40A9B /* Frameworks */ = {
			isa = PBXFrameworksBuildPhase;
			buildActionMask = 2147483647;
			files = (
			);
			runOnlyForDeploymentPostprocessing = 0;
		};
		BD9893572DD9C46A00F40A9B /* Frameworks */ = {
			isa = PBXFrameworksBuildPhase;
			buildActionMask = 2147483647;
			files = (
			);
			runOnlyForDeploymentPostprocessing = 0;
		};
/* End PBXFrameworksBuildPhase section */

/* Begin PBXGroup section */
		BD9893362DD9C46800F40A9B = {
			isa = PBXGroup;
			children = (
				BD9893712DD9C47A00F40A9B /* MVP_MacOS */,
				BD9893402DD9C46800F40A9B /* Products */,
			);
			sourceTree = "<group>";
		};
		BD9893402DD9C46800F40A9B /* Products */ = {
			isa = PBXGroup;
			children = (
				BD98933F2DD9C46800F40A9B /* MVP_MacOS.app */,
				BD9893502DD9C46A00F40A9B /* MVP_MacOSTests.xctest */,
				BD98935A2DD9C46A00F40A9B /* MVP_MacOSUITests.xctest */,
			);
			name = Products;
			sourceTree = "<group>";
		};
		BD9893712DD9C47A00F40A9B /* MVP_MacOS */ = {
			isa = PBXGroup;
			children = (
				BD98936F2DD9C47A00F40A9B /* MVP_MacOS.entitlements */,
				BD98938F2DD9DBE000F40A9B /* App */,
				BD9893922DD9DC1000F40A9B /* Domain */,
				BD9893962DD9DC5800F40A9B /* Data */,
				BD9893972DD9DC5C00F40A9B /* Infrastructure */,
				BD9893982DD9DC6A00F40A9B /* Presentation */,
				BD9893992DD9DC7600F40A9B /* Resource */,
			);
			path = MVP_MacOS;
			sourceTree = "<group>";
		};
		BD98938F2DD9DBE000F40A9B /* App */ = {
			isa = PBXGroup;
			children = (
				BD9893702DD9C47A00F40A9B /* MVP_MacOSApp.swift */,
				BD9893902DD9DC0200F40A9B /* DependencyInjection.swift */,
			);
			path = App;
			sourceTree = "<group>";
		};
		BD9893922DD9DC1000F40A9B /* Domain */ = {
			isa = PBXGroup;
			children = (
				BD9893932DD9DC2B00F40A9B /* Entities */,
				BD9893942DD9DC3500F40A9B /* Repositories */,
				BD9893952DD9DC4500F40A9B /* UseCases */,
			);
			path = Domain;
			sourceTree = "<group>";
		};
		BD9893932DD9DC2B00F40A9B /* Entities */ = {
			isa = PBXGroup;
			children = (
				BD9893B02DDAF6C000F40A9B /* AppLog.swift */,
				BD9893B62DDC3D8600F40A9B /* UserRank.swift */,
			);
			path = Entities;
			sourceTree = "<group>";
		};
		BD9893942DD9DC3500F40A9B /* Repositories */ = {
			isa = PBXGroup;
			children = (
				BD9893B22DDAF6CD00F40A9B /* AppLogRepository.swift */,
			);
			path = Repositories;
			sourceTree = "<group>";
		};
		BD9893952DD9DC4500F40A9B /* UseCases */ = {
			isa = PBXGroup;
			children = (
				BD9893B42DDAF6E200F40A9B /* EnsureAccessibilityPermissionUseCase.swift */,
			);
			path = UseCases;
			sourceTree = "<group>";
		};
		BD9893962DD9DC5800F40A9B /* Data */ = {
			isa = PBXGroup;
			children = (
				BD9893BB2DDC539B00F40A9B /* Models */,
				BD9893AC2DD9DD4B00F40A9B /* RepositoriesImpl */,
			);
			path = Data;
			sourceTree = "<group>";
		};
		BD9893972DD9DC5C00F40A9B /* Infrastructure */ = {
			isa = PBXGroup;
			children = (
				BD98939A2DD9DCA100F40A9B /* Utilities */,
			);
			path = Infrastructure;
			sourceTree = "<group>";
		};
		BD9893982DD9DC6A00F40A9B /* Presentation */ = {
			isa = PBXGroup;
			children = (
				BD98939D2DD9DCEB00F40A9B /* Home */,
				BD98939F2DD9DCF000F40A9B /* Dashboard */,
				BD98939E2DD9DCEF00F40A9B /* Analysis */,
				BD98936E2DD9C47A00F40A9B /* ContentView.swift */,
			);
			path = Presentation;
			sourceTree = "<group>";
		};
		BD9893992DD9DC7600F40A9B /* Resource */ = {
			isa = PBXGroup;
			children = (
				BD98936D2DD9C47A00F40A9B /* Assets.xcassets */,
			);
			path = Resource;
			sourceTree = "<group>";
		};
		BD98939A2DD9DCA100F40A9B /* Utilities */ = {
			isa = PBXGroup;
			children = (
				BD98939B2DD9DCD500F40A9B /* Data+Extension.swift */,
			);
			path = Utilities;
			sourceTree = "<group>";
		};
		BD98939D2DD9DCEB00F40A9B /* Home */ = {
			isa = PBXGroup;
			children = (
				BD9893A02DD9DD1300F40A9B /* HomeView.swift */,
				BD9893A22DD9DD1900F40A9B /* HomeViewModel.swift */,
			);
			path = Home;
			sourceTree = "<group>";
		};
		BD98939E2DD9DCEF00F40A9B /* Analysis */ = {
			isa = PBXGroup;
			children = (
				BD9893A82DD9DD3500F40A9B /* AnalysisView.swift */,
				BD9893AA2DD9DD4200F40A9B /* AnalysisViewModel.swift */,
			);
			path = Analysis;
			sourceTree = "<group>";
		};
		BD98939F2DD9DCF000F40A9B /* Dashboard */ = {
			isa = PBXGroup;
			children = (
				BD9893A42DD9DD2400F40A9B /* LeaderBoardView.swift */,
				BD9893A62DD9DD2D00F40A9B /* LeaderBoardViewModel.swift */,
			);
			path = Dashboard;
			sourceTree = "<group>";
		};
		BD9893AC2DD9DD4B00F40A9B /* RepositoriesImpl */ = {
			isa = PBXGroup;
			children = (
				BD9893AD2DD9DD6100F40A9B /* SwiftDataManager.swift */,
			);
			path = RepositoriesImpl;
			sourceTree = "<group>";
		};
		BD9893BB2DDC539B00F40A9B /* Models */ = {
			isa = PBXGroup;
			children = (
				BD9893BC2DDC53A900F40A9B /* AppLogEntity.swift */,
			);
			path = Models;
			sourceTree = "<group>";
		};
/* End PBXGroup section */

/* Begin PBXNativeTarget section */
		BD98933E2DD9C46800F40A9B /* MVP_MacOS */ = {
			isa = PBXNativeTarget;
			buildConfigurationList = BD9893642DD9C46A00F40A9B /* Build configuration list for PBXNativeTarget "MVP_MacOS" */;
			buildPhases = (
				BD98933B2DD9C46800F40A9B /* Sources */,
				BD98933C2DD9C46800F40A9B /* Frameworks */,
				BD98933D2DD9C46800F40A9B /* Resources */,
			);
			buildRules = (
			);
			dependencies = (
			);
			name = MVP_MacOS;
			packageProductDependencies = (
				BD9893B92DDC503000F40A9B /* Factory */,
			);
			productName = MVP_MacOS;
			productReference = BD98933F2DD9C46800F40A9B /* MVP_MacOS.app */;
			productType = "com.apple.product-type.application";
		};
		BD98934F2DD9C46A00F40A9B /* MVP_MacOSTests */ = {
			isa = PBXNativeTarget;
			buildConfigurationList = BD9893672DD9C46A00F40A9B /* Build configuration list for PBXNativeTarget "MVP_MacOSTests" */;
			buildPhases = (
				BD98934C2DD9C46A00F40A9B /* Sources */,
				BD98934D2DD9C46A00F40A9B /* Frameworks */,
				BD98934E2DD9C46A00F40A9B /* Resources */,
			);
			buildRules = (
			);
			dependencies = (
				BD9893522DD9C46A00F40A9B /* PBXTargetDependency */,
			);
			name = MVP_MacOSTests;
			packageProductDependencies = (
			);
			productName = MVP_MacOSTests;
			productReference = BD9893502DD9C46A00F40A9B /* MVP_MacOSTests.xctest */;
			productType = "com.apple.product-type.bundle.unit-test";
		};
		BD9893592DD9C46A00F40A9B /* MVP_MacOSUITests */ = {
			isa = PBXNativeTarget;
			buildConfigurationList = BD98936A2DD9C46A00F40A9B /* Build configuration list for PBXNativeTarget "MVP_MacOSUITests" */;
			buildPhases = (
				BD9893562DD9C46A00F40A9B /* Sources */,
				BD9893572DD9C46A00F40A9B /* Frameworks */,
				BD9893582DD9C46A00F40A9B /* Resources */,
			);
			buildRules = (
			);
			dependencies = (
				BD98935C2DD9C46A00F40A9B /* PBXTargetDependency */,
			);
			name = MVP_MacOSUITests;
			packageProductDependencies = (
			);
			productName = MVP_MacOSUITests;
			productReference = BD98935A2DD9C46A00F40A9B /* MVP_MacOSUITests.xctest */;
			productType = "com.apple.product-type.bundle.ui-testing";
		};
/* End PBXNativeTarget section */

/* Begin PBXProject section */
		BD9893372DD9C46800F40A9B /* Project object */ = {
			isa = PBXProject;
			attributes = {
				BuildIndependentTargetsInParallel = 1;
				LastSwiftUpdateCheck = 1620;
				LastUpgradeCheck = 1620;
				TargetAttributes = {
					BD98933E2DD9C46800F40A9B = {
						CreatedOnToolsVersion = 16.2;
					};
					BD98934F2DD9C46A00F40A9B = {
						CreatedOnToolsVersion = 16.2;
						TestTargetID = BD98933E2DD9C46800F40A9B;
					};
					BD9893592DD9C46A00F40A9B = {
						CreatedOnToolsVersion = 16.2;
						TestTargetID = BD98933E2DD9C46800F40A9B;
					};
				};
			};
			buildConfigurationList = BD98933A2DD9C46800F40A9B /* Build configuration list for PBXProject "MVP_MacOS" */;
			developmentRegion = en;
			hasScannedForEncodings = 0;
			knownRegions = (
				en,
				Base,
			);
			mainGroup = BD9893362DD9C46800F40A9B;
			minimizedProjectReferenceProxies = 1;
			packageReferences = (
				BD9893B82DDC503000F40A9B /* XCRemoteSwiftPackageReference "Factory" */,
			);
			preferredProjectObjectVersion = 77;
			productRefGroup = BD9893402DD9C46800F40A9B /* Products */;
			projectDirPath = "";
			projectRoot = "";
			targets = (
				BD98933E2DD9C46800F40A9B /* MVP_MacOS */,
				BD98934F2DD9C46A00F40A9B /* MVP_MacOSTests */,
				BD9893592DD9C46A00F40A9B /* MVP_MacOSUITests */,
			);
		};
/* End PBXProject section */

/* Begin PBXResourcesBuildPhase section */
		BD98933D2DD9C46800F40A9B /* Resources */ = {
			isa = PBXResourcesBuildPhase;
			buildActionMask = 2147483647;
			files = (
				BD9893722DD9C47A00F40A9B /* Assets.xcassets in Resources */,
			);
			runOnlyForDeploymentPostprocessing = 0;
		};
		BD98934E2DD9C46A00F40A9B /* Resources */ = {
			isa = PBXResourcesBuildPhase;
			buildActionMask = 2147483647;
			files = (
			);
			runOnlyForDeploymentPostprocessing = 0;
		};
		BD9893582DD9C46A00F40A9B /* Resources */ = {
			isa = PBXResourcesBuildPhase;
			buildActionMask = 2147483647;
			files = (
			);
			runOnlyForDeploymentPostprocessing = 0;
		};
/* End PBXResourcesBuildPhase section */

/* Begin PBXSourcesBuildPhase section */
		BD98933B2DD9C46800F40A9B /* Sources */ = {
			isa = PBXSourcesBuildPhase;
			buildActionMask = 2147483647;
			files = (
				BD9893AE2DD9DD6100F40A9B /* SwiftDataManager.swift in Sources */,
				BD9893732DD9C47A00F40A9B /* ContentView.swift in Sources */,
				BD9893A32DD9DD1900F40A9B /* HomeViewModel.swift in Sources */,
				BD98939C2DD9DCD500F40A9B /* Data+Extension.swift in Sources */,
				BD9893A52DD9DD2400F40A9B /* LeaderBoardView.swift in Sources */,
				BD9893742DD9C47A00F40A9B /* MVP_MacOSApp.swift in Sources */,
				BD9893B72DDC3D8600F40A9B /* UserRank.swift in Sources */,
				BD9893A12DD9DD1300F40A9B /* HomeView.swift in Sources */,
				BD9893912DD9DC0200F40A9B /* DependencyInjection.swift in Sources */,
				BD9893A92DD9DD3500F40A9B /* AnalysisView.swift in Sources */,
				BD9893AB2DD9DD4200F40A9B /* AnalysisViewModel.swift in Sources */,
				BD9893B32DDAF6CD00F40A9B /* AppLogRepository.swift in Sources */,
				BD9893B12DDAF6C000F40A9B /* AppLog.swift in Sources */,
				BD9893BD2DDC53A900F40A9B /* AppLogEntity.swift in Sources */,
				BD9893A72DD9DD2D00F40A9B /* LeaderBoardViewModel.swift in Sources */,
				BD9893B52DDAF6E200F40A9B /* EnsureAccessibilityPermissionUseCase.swift in Sources */,
			);
			runOnlyForDeploymentPostprocessing = 0;
		};
		BD98934C2DD9C46A00F40A9B /* Sources */ = {
			isa = PBXSourcesBuildPhase;
			buildActionMask = 2147483647;
			files = (
			);
			runOnlyForDeploymentPostprocessing = 0;
		};
		BD9893562DD9C46A00F40A9B /* Sources */ = {
			isa = PBXSourcesBuildPhase;
			buildActionMask = 2147483647;
			files = (
			);
			runOnlyForDeploymentPostprocessing = 0;
		};
/* End PBXSourcesBuildPhase section */

/* Begin PBXTargetDependency section */
		BD9893522DD9C46A00F40A9B /* PBXTargetDependency */ = {
			isa = PBXTargetDependency;
			target = BD98933E2DD9C46800F40A9B /* MVP_MacOS */;
			targetProxy = BD9893512DD9C46A00F40A9B /* PBXContainerItemProxy */;
		};
		BD98935C2DD9C46A00F40A9B /* PBXTargetDependency */ = {
			isa = PBXTargetDependency;
			target = BD98933E2DD9C46800F40A9B /* MVP_MacOS */;
			targetProxy = BD98935B2DD9C46A00F40A9B /* PBXContainerItemProxy */;
		};
/* End PBXTargetDependency section */

/* Begin XCBuildConfiguration section */
		BD9893622DD9C46A00F40A9B /* Debug */ = {
			isa = XCBuildConfiguration;
			buildSettings = {
				ALWAYS_SEARCH_USER_PATHS = NO;
				ASSETCATALOG_COMPILER_GENERATE_SWIFT_ASSET_SYMBOL_EXTENSIONS = YES;
				CLANG_ANALYZER_NONNULL = YES;
				CLANG_ANALYZER_NUMBER_OBJECT_CONVERSION = YES_AGGRESSIVE;
				CLANG_CXX_LANGUAGE_STANDARD = "gnu++20";
				CLANG_ENABLE_MODULES = YES;
				CLANG_ENABLE_OBJC_ARC = YES;
				CLANG_ENABLE_OBJC_WEAK = YES;
				CLANG_WARN_BLOCK_CAPTURE_AUTORELEASING = YES;
				CLANG_WARN_BOOL_CONVERSION = YES;
				CLANG_WARN_COMMA = YES;
				CLANG_WARN_CONSTANT_CONVERSION = YES;
				CLANG_WARN_DEPRECATED_OBJC_IMPLEMENTATIONS = YES;
				CLANG_WARN_DIRECT_OBJC_ISA_USAGE = YES_ERROR;
				CLANG_WARN_DOCUMENTATION_COMMENTS = YES;
				CLANG_WARN_EMPTY_BODY = YES;
				CLANG_WARN_ENUM_CONVERSION = YES;
				CLANG_WARN_INFINITE_RECURSION = YES;
				CLANG_WARN_INT_CONVERSION = YES;
				CLANG_WARN_NON_LITERAL_NULL_CONVERSION = YES;
				CLANG_WARN_OBJC_IMPLICIT_RETAIN_SELF = YES;
				CLANG_WARN_OBJC_LITERAL_CONVERSION = YES;
				CLANG_WARN_OBJC_ROOT_CLASS = YES_ERROR;
				CLANG_WARN_QUOTED_INCLUDE_IN_FRAMEWORK_HEADER = YES;
				CLANG_WARN_RANGE_LOOP_ANALYSIS = YES;
				CLANG_WARN_STRICT_PROTOTYPES = YES;
				CLANG_WARN_SUSPICIOUS_MOVE = YES;
				CLANG_WARN_UNGUARDED_AVAILABILITY = YES_AGGRESSIVE;
				CLANG_WARN_UNREACHABLE_CODE = YES;
				CLANG_WARN__DUPLICATE_METHOD_MATCH = YES;
				COPY_PHASE_STRIP = NO;
				DEBUG_INFORMATION_FORMAT = dwarf;
				ENABLE_STRICT_OBJC_MSGSEND = YES;
				ENABLE_TESTABILITY = YES;
				ENABLE_USER_SCRIPT_SANDBOXING = YES;
				GCC_C_LANGUAGE_STANDARD = gnu17;
				GCC_DYNAMIC_NO_PIC = NO;
				GCC_NO_COMMON_BLOCKS = YES;
				GCC_OPTIMIZATION_LEVEL = 0;
				GCC_PREPROCESSOR_DEFINITIONS = (
					"DEBUG=1",
					"$(inherited)",
				);
				GCC_WARN_64_TO_32_BIT_CONVERSION = YES;
				GCC_WARN_ABOUT_RETURN_TYPE = YES_ERROR;
				GCC_WARN_UNDECLARED_SELECTOR = YES;
				GCC_WARN_UNINITIALIZED_AUTOS = YES_AGGRESSIVE;
				GCC_WARN_UNUSED_FUNCTION = YES;
				GCC_WARN_UNUSED_VARIABLE = YES;
				LOCALIZATION_PREFERS_STRING_CATALOGS = YES;
				MACOSX_DEPLOYMENT_TARGET = 15.2;
				MTL_ENABLE_DEBUG_INFO = INCLUDE_SOURCE;
				MTL_FAST_MATH = YES;
				ONLY_ACTIVE_ARCH = YES;
				SDKROOT = macosx;
				SWIFT_ACTIVE_COMPILATION_CONDITIONS = "DEBUG $(inherited)";
				SWIFT_OPTIMIZATION_LEVEL = "-Onone";
			};
			name = Debug;
		};
		BD9893632DD9C46A00F40A9B /* Release */ = {
			isa = XCBuildConfiguration;
			buildSettings = {
				ALWAYS_SEARCH_USER_PATHS = NO;
				ASSETCATALOG_COMPILER_GENERATE_SWIFT_ASSET_SYMBOL_EXTENSIONS = YES;
				CLANG_ANALYZER_NONNULL = YES;
				CLANG_ANALYZER_NUMBER_OBJECT_CONVERSION = YES_AGGRESSIVE;
				CLANG_CXX_LANGUAGE_STANDARD = "gnu++20";
				CLANG_ENABLE_MODULES = YES;
				CLANG_ENABLE_OBJC_ARC = YES;
				CLANG_ENABLE_OBJC_WEAK = YES;
				CLANG_WARN_BLOCK_CAPTURE_AUTORELEASING = YES;
				CLANG_WARN_BOOL_CONVERSION = YES;
				CLANG_WARN_COMMA = YES;
				CLANG_WARN_CONSTANT_CONVERSION = YES;
				CLANG_WARN_DEPRECATED_OBJC_IMPLEMENTATIONS = YES;
				CLANG_WARN_DIRECT_OBJC_ISA_USAGE = YES_ERROR;
				CLANG_WARN_DOCUMENTATION_COMMENTS = YES;
				CLANG_WARN_EMPTY_BODY = YES;
				CLANG_WARN_ENUM_CONVERSION = YES;
				CLANG_WARN_INFINITE_RECURSION = YES;
				CLANG_WARN_INT_CONVERSION = YES;
				CLANG_WARN_NON_LITERAL_NULL_CONVERSION = YES;
				CLANG_WARN_OBJC_IMPLICIT_RETAIN_SELF = YES;
				CLANG_WARN_OBJC_LITERAL_CONVERSION = YES;
				CLANG_WARN_OBJC_ROOT_CLASS = YES_ERROR;
				CLANG_WARN_QUOTED_INCLUDE_IN_FRAMEWORK_HEADER = YES;
				CLANG_WARN_RANGE_LOOP_ANALYSIS = YES;
				CLANG_WARN_STRICT_PROTOTYPES = YES;
				CLANG_WARN_SUSPICIOUS_MOVE = YES;
				CLANG_WARN_UNGUARDED_AVAILABILITY = YES_AGGRESSIVE;
				CLANG_WARN_UNREACHABLE_CODE = YES;
				CLANG_WARN__DUPLICATE_METHOD_MATCH = YES;
				COPY_PHASE_STRIP = NO;
				DEBUG_INFORMATION_FORMAT = "dwarf-with-dsym";
				ENABLE_NS_ASSERTIONS = NO;
				ENABLE_STRICT_OBJC_MSGSEND = YES;
				ENABLE_USER_SCRIPT_SANDBOXING = YES;
				GCC_C_LANGUAGE_STANDARD = gnu17;
				GCC_NO_COMMON_BLOCKS = YES;
				GCC_WARN_64_TO_32_BIT_CONVERSION = YES;
				GCC_WARN_ABOUT_RETURN_TYPE = YES_ERROR;
				GCC_WARN_UNDECLARED_SELECTOR = YES;
				GCC_WARN_UNINITIALIZED_AUTOS = YES_AGGRESSIVE;
				GCC_WARN_UNUSED_FUNCTION = YES;
				GCC_WARN_UNUSED_VARIABLE = YES;
				LOCALIZATION_PREFERS_STRING_CATALOGS = YES;
				MACOSX_DEPLOYMENT_TARGET = 15.2;
				MTL_ENABLE_DEBUG_INFO = NO;
				MTL_FAST_MATH = YES;
				SDKROOT = macosx;
				SWIFT_COMPILATION_MODE = wholemodule;
			};
			name = Release;
		};
		BD9893652DD9C46A00F40A9B /* Debug */ = {
			isa = XCBuildConfiguration;
			buildSettings = {
				ASSETCATALOG_COMPILER_APPICON_NAME = AppIcon;
				ASSETCATALOG_COMPILER_GLOBAL_ACCENT_COLOR_NAME = AccentColor;
				CODE_SIGN_ENTITLEMENTS = MVP_MacOS/MVP_MacOS.entitlements;
				CODE_SIGN_STYLE = Automatic;
				COMBINE_HIDPI_IMAGES = YES;
				CURRENT_PROJECT_VERSION = 1;
				DEVELOPMENT_TEAM = U6NUHA5DNR;
				ENABLE_HARDENED_RUNTIME = YES;
				ENABLE_PREVIEWS = YES;
				GENERATE_INFOPLIST_FILE = YES;
				INFOPLIST_KEY_NSHumanReadableCopyright = "";
				LD_RUNPATH_SEARCH_PATHS = (
					"$(inherited)",
					"@executable_path/../Frameworks",
				);
				MARKETING_VERSION = 1.0;
				PRODUCT_BUNDLE_IDENTIFIER = "swmaestrong.MVP-MacOS";
				PRODUCT_NAME = "$(TARGET_NAME)";
				SWIFT_EMIT_LOC_STRINGS = YES;
				SWIFT_VERSION = 5.0;
			};
			name = Debug;
		};
		BD9893662DD9C46A00F40A9B /* Release */ = {
			isa = XCBuildConfiguration;
			buildSettings = {
				ASSETCATALOG_COMPILER_APPICON_NAME = AppIcon;
				ASSETCATALOG_COMPILER_GLOBAL_ACCENT_COLOR_NAME = AccentColor;
				CODE_SIGN_ENTITLEMENTS = MVP_MacOS/MVP_MacOS.entitlements;
				CODE_SIGN_STYLE = Automatic;
				COMBINE_HIDPI_IMAGES = YES;
				CURRENT_PROJECT_VERSION = 1;
				DEVELOPMENT_TEAM = U6NUHA5DNR;
				ENABLE_HARDENED_RUNTIME = YES;
				ENABLE_PREVIEWS = YES;
				GENERATE_INFOPLIST_FILE = YES;
				INFOPLIST_KEY_NSHumanReadableCopyright = "";
				LD_RUNPATH_SEARCH_PATHS = (
					"$(inherited)",
					"@executable_path/../Frameworks",
				);
				MARKETING_VERSION = 1.0;
				PRODUCT_BUNDLE_IDENTIFIER = "swmaestrong.MVP-MacOS";
				PRODUCT_NAME = "$(TARGET_NAME)";
				SWIFT_EMIT_LOC_STRINGS = YES;
				SWIFT_VERSION = 5.0;
			};
			name = Release;
		};
		BD9893682DD9C46A00F40A9B /* Debug */ = {
			isa = XCBuildConfiguration;
			buildSettings = {
				BUNDLE_LOADER = "$(TEST_HOST)";
				CODE_SIGN_STYLE = Automatic;
				CURRENT_PROJECT_VERSION = 1;
				DEVELOPMENT_TEAM = U6NUHA5DNR;
				GENERATE_INFOPLIST_FILE = YES;
				MACOSX_DEPLOYMENT_TARGET = 15.2;
				MARKETING_VERSION = 1.0;
				PRODUCT_BUNDLE_IDENTIFIER = "swmaestrong.MVP-MacOSTests";
				PRODUCT_NAME = "$(TARGET_NAME)";
				SWIFT_EMIT_LOC_STRINGS = NO;
				SWIFT_VERSION = 5.0;
				TEST_HOST = "$(BUILT_PRODUCTS_DIR)/MVP_MacOS.app/$(BUNDLE_EXECUTABLE_FOLDER_PATH)/MVP_MacOS";
			};
			name = Debug;
		};
		BD9893692DD9C46A00F40A9B /* Release */ = {
			isa = XCBuildConfiguration;
			buildSettings = {
				BUNDLE_LOADER = "$(TEST_HOST)";
				CODE_SIGN_STYLE = Automatic;
				CURRENT_PROJECT_VERSION = 1;
				DEVELOPMENT_TEAM = U6NUHA5DNR;
				GENERATE_INFOPLIST_FILE = YES;
				MACOSX_DEPLOYMENT_TARGET = 15.2;
				MARKETING_VERSION = 1.0;
				PRODUCT_BUNDLE_IDENTIFIER = "swmaestrong.MVP-MacOSTests";
				PRODUCT_NAME = "$(TARGET_NAME)";
				SWIFT_EMIT_LOC_STRINGS = NO;
				SWIFT_VERSION = 5.0;
				TEST_HOST = "$(BUILT_PRODUCTS_DIR)/MVP_MacOS.app/$(BUNDLE_EXECUTABLE_FOLDER_PATH)/MVP_MacOS";
			};
			name = Release;
		};
		BD98936B2DD9C46A00F40A9B /* Debug */ = {
			isa = XCBuildConfiguration;
			buildSettings = {
				CODE_SIGN_STYLE = Automatic;
				CURRENT_PROJECT_VERSION = 1;
				DEVELOPMENT_TEAM = U6NUHA5DNR;
				GENERATE_INFOPLIST_FILE = YES;
				MARKETING_VERSION = 1.0;
				PRODUCT_BUNDLE_IDENTIFIER = "swmaestrong.MVP-MacOSUITests";
				PRODUCT_NAME = "$(TARGET_NAME)";
				SWIFT_EMIT_LOC_STRINGS = NO;
				SWIFT_VERSION = 5.0;
				TEST_TARGET_NAME = MVP_MacOS;
			};
			name = Debug;
		};
		BD98936C2DD9C46A00F40A9B /* Release */ = {
			isa = XCBuildConfiguration;
			buildSettings = {
				CODE_SIGN_STYLE = Automatic;
				CURRENT_PROJECT_VERSION = 1;
				DEVELOPMENT_TEAM = U6NUHA5DNR;
				GENERATE_INFOPLIST_FILE = YES;
				MARKETING_VERSION = 1.0;
				PRODUCT_BUNDLE_IDENTIFIER = "swmaestrong.MVP-MacOSUITests";
				PRODUCT_NAME = "$(TARGET_NAME)";
				SWIFT_EMIT_LOC_STRINGS = NO;
				SWIFT_VERSION = 5.0;
				TEST_TARGET_NAME = MVP_MacOS;
			};
			name = Release;
		};
/* End XCBuildConfiguration section */

/* Begin XCConfigurationList section */
		BD98933A2DD9C46800F40A9B /* Build configuration list for PBXProject "MVP_MacOS" */ = {
			isa = XCConfigurationList;
			buildConfigurations = (
				BD9893622DD9C46A00F40A9B /* Debug */,
				BD9893632DD9C46A00F40A9B /* Release */,
			);
			defaultConfigurationIsVisible = 0;
			defaultConfigurationName = Release;
		};
		BD9893642DD9C46A00F40A9B /* Build configuration list for PBXNativeTarget "MVP_MacOS" */ = {
			isa = XCConfigurationList;
			buildConfigurations = (
				BD9893652DD9C46A00F40A9B /* Debug */,
				BD9893662DD9C46A00F40A9B /* Release */,
			);
			defaultConfigurationIsVisible = 0;
			defaultConfigurationName = Release;
		};
		BD9893672DD9C46A00F40A9B /* Build configuration list for PBXNativeTarget "MVP_MacOSTests" */ = {
			isa = XCConfigurationList;
			buildConfigurations = (
				BD9893682DD9C46A00F40A9B /* Debug */,
				BD9893692DD9C46A00F40A9B /* Release */,
			);
			defaultConfigurationIsVisible = 0;
			defaultConfigurationName = Release;
		};
		BD98936A2DD9C46A00F40A9B /* Build configuration list for PBXNativeTarget "MVP_MacOSUITests" */ = {
			isa = XCConfigurationList;
			buildConfigurations = (
				BD98936B2DD9C46A00F40A9B /* Debug */,
				BD98936C2DD9C46A00F40A9B /* Release */,
			);
			defaultConfigurationIsVisible = 0;
			defaultConfigurationName = Release;
		};
/* End XCConfigurationList section */

/* Begin XCRemoteSwiftPackageReference section */
		BD9893B82DDC503000F40A9B /* XCRemoteSwiftPackageReference "Factory" */ = {
			isa = XCRemoteSwiftPackageReference;
			repositoryURL = "https://github.com/hmlongco/Factory.git";
			requirement = {
				kind = upToNextMajorVersion;
				minimumVersion = 2.5.1;
			};
		};
/* End XCRemoteSwiftPackageReference section */

/* Begin XCSwiftPackageProductDependency section */
		BD9893B92DDC503000F40A9B /* Factory */ = {
			isa = XCSwiftPackageProductDependency;
			package = BD9893B82DDC503000F40A9B /* XCRemoteSwiftPackageReference "Factory" */;
			productName = Factory;
		};
/* End XCSwiftPackageProductDependency section */
	};
	rootObject = BD9893372DD9C46800F40A9B /* Project object */;
}
